
Microsoft Visual Studio Solution File, Format Version 12.00
# Visual Studio Version 16
VisualStudioVersion = 16.0.31729.503
MinimumVisualStudioVersion = 10.0.40219.1
Project("{FAE04EC0-301F-11D3-BF4B-00C04F79EFBC}") = "PDMI6_TP04.Android", "PDMI6_TP04.Android\PDMI6_TP04.Android.csproj", "{40B544C6-9823-44ED-B683-19F2BE3A1047}"
EndProject
Project("{FAE04EC0-301F-11D3-BF4B-00C04F79EFBC}") = "PDMI6_TP04", "PDMI6_TP04\PDMI6_TP04.csproj", "{1910F0EC-3794-407F-A18A-E84191463099}"
EndProject
Global
	GlobalSection(SolutionConfigurationPlatforms) = preSolution
		Debug|Any CPU = Debug|Any CPU
		Release|Any CPU = Release|Any CPU
	EndGlobalSection
	GlobalSection(ProjectConfigurationPlatforms) = postSolution
		{40B544C6-9823-44ED-B683-19F2BE3A1047}.Debug|Any CPU.ActiveCfg = Debug|Any CPU
		{40B544C6-9823-44ED-B683-19F2BE3A1047}.Debug|Any CPU.Build.0 = Debug|Any CPU
		{40B544C6-9823-44ED-B683-19F2BE3A1047}.Debug|Any CPU.Deploy.0 = Debug|Any CPU
		{40B544C6-9823-44ED-B683-19F2BE3A1047}.Release|Any CPU.ActiveCfg = Release|Any CPU
		{40B544C6-9823-44ED-B683-19F2BE3A1047}.Release|Any CPU.Build.0 = Release|Any CPU
		{40B544C6-9823-44ED-B683-19F2BE3A1047}.Release|Any CPU.Deploy.0 = Release|Any CPU
		{1910F0EC-3794-407F-A18A-E84191463099}.Debug|Any CPU.ActiveCfg = Debug|Any CPU
		{1910F0EC-3794-407F-A18A-E84191463099}.Debug|Any CPU.Build.0 = Debug|Any CPU
		{1910F0EC-3794-407F-A18A-E84191463099}.Debug|Any CPU.Deploy.0 = Debug|Any CPU
		{1910F0EC-3794-407F-A18A-E84191463099}.Release|Any CPU.ActiveCfg = Release|Any CPU
		{1910F0EC-3794-407F-A18A-E84191463099}.Release|Any CPU.Build.0 = Release|Any CPU
		{1910F0EC-3794-407F-A18A-E84191463099}.Release|Any CPU.Deploy.0 = Release|Any CPU
	EndGlobalSection
	GlobalSection(SolutionProperties) = preSolution
		HideSolutionNode = FALSE
	EndGlobalSection
	GlobalSection(ExtensibilityGlobals) = postSolution
		SolutionGuid = {B0342C91-C29E-4BD4-8CBF-590C1637F4B7}
	EndGlobalSection
EndGlobal
